
Microsoft Visual Studio Solution File, Format Version 12.00
# Visual Studio Version 16
VisualStudioVersion = 16.0.31205.134
MinimumVisualStudioVersion = 10.0.40219.1
Project("{9A19103F-16F7-4668-BE54-9A1E7A4F7556}") = "FlexViewerExplorer", "src\FlexViewerExplorer\FlexViewerExplorer.csproj", "{06A84315-BF1B-46F9-9DB2-3A3431DB021E}"
EndProject
Global
	GlobalSection(SolutionConfigurationPlatforms) = preSolution	
		Debug|Any CPU = Debug|Any CPU
		Release|Any CPU = Release|Any CPU
	EndGlobalSection
	GlobalSection(ProjectConfigurationPlatforms) = postSolution
		{06A84315-BF1B-46F9-9DB2-3A3431DB021E}.Debug|Any CPU.ActiveCfg = Debug|Any CPU
		{06A84315-BF1B-46F9-9DB2-3A3431DB021E}.Debug|Any CPU.Build.0 = Debug|Any CPU
		{06A84315-BF1B-46F9-9DB2-3A3431DB021E}.Release|Any CPU.ActiveCfg = Release|Any CPU
		{06A84315-BF1B-46F9-9DB2-3A3431DB021E}.Release|Any CPU.Build.0 = Release|Any CPU
	EndGlobalSection
	GlobalSection(SolutionProperties) = preSolution
		HideSolutionNode = FALSE
	EndGlobalSection
	GlobalSection(ExtensibilityGlobals) = postSolution
		SolutionGuid = {E273B1AA-DCD1-4DEA-B62D-FB6FA6D9BF84}
	EndGlobalSection
EndGlobal
