
Microsoft Visual Studio Solution File, Format Version 12.00
# Visual Studio 15
VisualStudioVersion = 15.0.26730.3
MinimumVisualStudioVersion = 10.0.40219.1
Project("{9A19103F-16F7-4668-BE54-9A1E7A4F7556}") = "Gauge101", "Gauge101\Gauge101.Core31.csproj", "{C273925E-F1CC-47DA-9EA3-6C74FA8B4DBA}"
EndProject
Global
	GlobalSection(SolutionConfigurationPlatforms) = preSolution
		Debug|Any CPU = Debug|Any CPU
		Release|Any CPU = Release|Any CPU
	EndGlobalSection
	GlobalSection(ProjectConfigurationPlatforms) = postSolution
		{C273925E-F1CC-47DA-9EA3-6C74FA8B4DBA}.Debug|Any CPU.ActiveCfg = Debug|Any CPU
		{C273925E-F1CC-47DA-9EA3-6C74FA8B4DBA}.Debug|Any CPU.Build.0 = Debug|Any CPU
		{C273925E-F1CC-47DA-9EA3-6C74FA8B4DBA}.Release|Any CPU.ActiveCfg = Release|Any CPU
		{C273925E-F1CC-47DA-9EA3-6C74FA8B4DBA}.Release|Any CPU.Build.0 = Release|Any CPU
	EndGlobalSection
	GlobalSection(SolutionProperties) = preSolution
		HideSolutionNode = FALSE
	EndGlobalSection
EndGlobal
