
Microsoft Visual Studio Solution File, Format Version 12.00
# Visual Studio Version 16
VisualStudioVersion = 16.0.29324.140
MinimumVisualStudioVersion = 10.0.40219.1
Project("{2150E333-8FDC-42A3-9474-1A3956D46DE8}") = "src", "src", "{9054A57F-A536-4741-9C2A-868443291DFA}"
EndProject
Project("{9A19103F-16F7-4668-BE54-9A1E7A4F7556}") = "MvcExplorer", "src\MvcExplorer\MvcExplorer.csproj", "{B32164F5-B2F1-4542-A0CF-DED09847A264}"
EndProject
Global
	GlobalSection(SolutionConfigurationPlatforms) = preSolution
		Debug|Any CPU = Debug|Any CPU
		Release|Any CPU = Release|Any CPU
	EndGlobalSection
	GlobalSection(ProjectConfigurationPlatforms) = postSolution
		{B32164F5-B2F1-4542-A0CF-DED09847A264}.Debug|Any CPU.ActiveCfg = Debug|Any CPU
		{B32164F5-B2F1-4542-A0CF-DED09847A264}.Debug|Any CPU.Build.0 = Debug|Any CPU
		{B32164F5-B2F1-4542-A0CF-DED09847A264}.Release|Any CPU.ActiveCfg = Release|Any CPU
		{B32164F5-B2F1-4542-A0CF-DED09847A264}.Release|Any CPU.Build.0 = Release|Any CPU
	EndGlobalSection
	GlobalSection(SolutionProperties) = preSolution
		HideSolutionNode = FALSE
	EndGlobalSection
	GlobalSection(NestedProjects) = preSolution
		{B32164F5-B2F1-4542-A0CF-DED09847A264} = {9054A57F-A536-4741-9C2A-868443291DFA}
	EndGlobalSection
	GlobalSection(ExtensibilityGlobals) = postSolution
		SolutionGuid = {5C13D07C-C42D-4598-A02D-D545F2E2DEF0}
	EndGlobalSection
EndGlobal
