
Microsoft Visual Studio Solution File, Format Version 12.00
# Visual Studio Version 16
VisualStudioVersion = 16.0.31205.134
MinimumVisualStudioVersion = 10.0.40219.1
Project("{9A19103F-16F7-4668-BE54-9A1E7A4F7556}") = "FinancialChartExplorer.Core31", "FinancialChartExplorer\FinancialChartExplorer.Core31.csproj", "{19E700EF-4897-4FEE-AE41-ACC9337A52CE}"
EndProject
Global
	GlobalSection(SolutionConfigurationPlatforms) = preSolution
		Debug|Any CPU = Debug|Any CPU
		Release|Any CPU = Release|Any CPU
	EndGlobalSection
	GlobalSection(ProjectConfigurationPlatforms) = postSolution
		{19E700EF-4897-4FEE-AE41-ACC9337A52CE}.Debug|Any CPU.ActiveCfg = Debug|Any CPU
		{19E700EF-4897-4FEE-AE41-ACC9337A52CE}.Debug|Any CPU.Build.0 = Debug|Any CPU
		{19E700EF-4897-4FEE-AE41-ACC9337A52CE}.Release|Any CPU.ActiveCfg = Release|Any CPU
		{19E700EF-4897-4FEE-AE41-ACC9337A52CE}.Release|Any CPU.Build.0 = Release|Any CPU
	EndGlobalSection
	GlobalSection(SolutionProperties) = preSolution
		HideSolutionNode = FALSE
	EndGlobalSection
	GlobalSection(ExtensibilityGlobals) = postSolution
		SolutionGuid = {B7421801-BE7F-46C9-B443-5DAE53E60C9C}
	EndGlobalSection
EndGlobal
