
Microsoft Visual Studio Solution File, Format Version 12.00
# Visual Studio Version 16
VisualStudioVersion = 16.0.31205.134
MinimumVisualStudioVersion = 10.0.40219.1
Project("{9A19103F-16F7-4668-BE54-9A1E7A4F7556}") = "RazorPagesExplorer", "RazorPagesExplorer\RazorPagesExplorer.Net60.csproj", "{2BECF867-81C8-4E71-8DAC-C732C3B5EAD0}"
EndProject
Global
	GlobalSection(SolutionConfigurationPlatforms) = preSolution
		Debug|Any CPU = Debug|Any CPU
		Release|Any CPU = Release|Any CPU
	EndGlobalSection
	GlobalSection(ProjectConfigurationPlatforms) = postSolution
		{2BECF867-81C8-4E71-8DAC-C732C3B5EAD0}.Debug|Any CPU.ActiveCfg = Debug|Any CPU
		{2BECF867-81C8-4E71-8DAC-C732C3B5EAD0}.Debug|Any CPU.Build.0 = Debug|Any CPU
		{2BECF867-81C8-4E71-8DAC-C732C3B5EAD0}.Release|Any CPU.ActiveCfg = Release|Any CPU
		{2BECF867-81C8-4E71-8DAC-C732C3B5EAD0}.Release|Any CPU.Build.0 = Release|Any CPU
	EndGlobalSection
	GlobalSection(SolutionProperties) = preSolution
		HideSolutionNode = FALSE
	EndGlobalSection
	GlobalSection(ExtensibilityGlobals) = postSolution
		SolutionGuid = {473785BF-1BCA-4820-874E-C53868C4C145}
	EndGlobalSection
EndGlobal
