
Microsoft Visual Studio Solution File, Format Version 12.00
# Visual Studio 2012
Project("{FAE04EC0-301F-11D3-BF4B-00C04F79EFBC}") = "ExcelImportExport", "ExcelImportExport.csproj", "{457803EC-1026-427A-B0FB-02028693020D}"
EndProject
Global
	GlobalSection(SolutionConfigurationPlatforms) = preSolution
		Debug|Any CPU = Debug|Any CPU
		Release|Any CPU = Release|Any CPU
	EndGlobalSection
	GlobalSection(ProjectConfigurationPlatforms) = postSolution
		{457803EC-1026-427A-B0FB-02028693020D}.Debug|Any CPU.ActiveCfg = Debug|Any CPU
		{457803EC-1026-427A-B0FB-02028693020D}.Debug|Any CPU.Build.0 = Debug|Any CPU
		{457803EC-1026-427A-B0FB-02028693020D}.Release|Any CPU.ActiveCfg = Release|Any CPU
		{457803EC-1026-427A-B0FB-02028693020D}.Release|Any CPU.Build.0 = Release|Any CPU
	EndGlobalSection
	GlobalSection(SolutionProperties) = preSolution
		HideSolutionNode = FALSE
	EndGlobalSection
EndGlobal
