
Microsoft Visual Studio Solution File, Format Version 12.00
# Visual Studio Version 16
VisualStudioVersion = 16.0.31205.134
MinimumVisualStudioVersion = 10.0.40219.1
Project("{9A19103F-16F7-4668-BE54-9A1E7A4F7556}") = "TransposedMultiRowExplorer", "src\TransposedMultiRowExplorer\TransposedMultiRowExplorer.Net60.csproj", "{950D6BBF-CEF2-4AF3-AFE0-A79388A55C8B}"
EndProject
Global
	GlobalSection(SolutionConfigurationPlatforms) = preSolution
		Debug|Any CPU = Debug|Any CPU
		Release|Any CPU = Release|Any CPU
	EndGlobalSection
	GlobalSection(ProjectConfigurationPlatforms) = postSolution
		{950D6BBF-CEF2-4AF3-AFE0-A79388A55C8B}.Debug|Any CPU.ActiveCfg = Debug|Any CPU
		{950D6BBF-CEF2-4AF3-AFE0-A79388A55C8B}.Debug|Any CPU.Build.0 = Debug|Any CPU
		{950D6BBF-CEF2-4AF3-AFE0-A79388A55C8B}.Release|Any CPU.ActiveCfg = Release|Any CPU
		{950D6BBF-CEF2-4AF3-AFE0-A79388A55C8B}.Release|Any CPU.Build.0 = Release|Any CPU
	EndGlobalSection
	GlobalSection(SolutionProperties) = preSolution
		HideSolutionNode = FALSE
	EndGlobalSection
	GlobalSection(ExtensibilityGlobals) = postSolution
		SolutionGuid = {AB973DD2-A18A-48E5-854D-59AEC2379F78}
	EndGlobalSection
EndGlobal
