
Microsoft Visual Studio Solution File, Format Version 12.00
# Visual Studio 14
VisualStudioVersion = 14.0.25420.1
MinimumVisualStudioVersion = 10.0.40219.1
Project("{FAE04EC0-301F-11D3-BF4B-00C04F79EFBC}") = "Olap101", "Olap101\Olap101.csproj", "{C3275726-4C37-42BE-97AB-6E518760F3D2}"
EndProject
Global
	GlobalSection(SolutionConfigurationPlatforms) = preSolution
		Debug|Any CPU = Debug|Any CPU
		Release|Any CPU = Release|Any CPU
	EndGlobalSection
	GlobalSection(ProjectConfigurationPlatforms) = postSolution
		{C3275726-4C37-42BE-97AB-6E518760F3D2}.Debug|Any CPU.ActiveCfg = Debug|Any CPU
		{C3275726-4C37-42BE-97AB-6E518760F3D2}.Debug|Any CPU.Build.0 = Debug|Any CPU
		{C3275726-4C37-42BE-97AB-6E518760F3D2}.Release|Any CPU.ActiveCfg = Release|Any CPU
		{C3275726-4C37-42BE-97AB-6E518760F3D2}.Release|Any CPU.Build.0 = Release|Any CPU
	EndGlobalSection
	GlobalSection(SolutionProperties) = preSolution
		HideSolutionNode = FALSE
	EndGlobalSection
EndGlobal
