
Microsoft Visual Studio Solution File, Format Version 12.00
# Visual Studio Version 16
VisualStudioVersion = 16.0.31205.134
MinimumVisualStudioVersion = 10.0.40219.1
Project("{9A19103F-16F7-4668-BE54-9A1E7A4F7556}") = "MultiRowExplorer.Core31", "src\MultiRowExplorer\MultiRowExplorer.Core31.csproj", "{A6D81619-EFFA-41BA-9C5F-1F0E074807AD}"
EndProject
Global
	GlobalSection(SolutionConfigurationPlatforms) = preSolution
		Debug|Any CPU = Debug|Any CPU
		Release|Any CPU = Release|Any CPU
	EndGlobalSection
	GlobalSection(ProjectConfigurationPlatforms) = postSolution
		{A6D81619-EFFA-41BA-9C5F-1F0E074807AD}.Debug|Any CPU.ActiveCfg = Debug|Any CPU
		{A6D81619-EFFA-41BA-9C5F-1F0E074807AD}.Debug|Any CPU.Build.0 = Debug|Any CPU
		{A6D81619-EFFA-41BA-9C5F-1F0E074807AD}.Release|Any CPU.ActiveCfg = Release|Any CPU
		{A6D81619-EFFA-41BA-9C5F-1F0E074807AD}.Release|Any CPU.Build.0 = Release|Any CPU
	EndGlobalSection
	GlobalSection(SolutionProperties) = preSolution
		HideSolutionNode = FALSE
	EndGlobalSection
	GlobalSection(ExtensibilityGlobals) = postSolution
		SolutionGuid = {21D7AA64-8104-4FE1-9BB4-F64D2B04B52C}
	EndGlobalSection
EndGlobal
