
Microsoft Visual Studio Solution File, Format Version 12.00
# Visual Studio Version 16
VisualStudioVersion = 16.0.31205.134
MinimumVisualStudioVersion = 10.0.40219.1
Project("{9A19103F-16F7-4668-BE54-9A1E7A4F7556}") = "TransposedGridExplorer.Core31", "TransposedGridExplorer\TransposedGridExplorer.Core31.csproj", "{7AE9765D-34C9-4EF5-A2B2-3C26A1F411A3}"
EndProject
Global
	GlobalSection(SolutionConfigurationPlatforms) = preSolution
		Debug|Any CPU = Debug|Any CPU
		Release|Any CPU = Release|Any CPU
	EndGlobalSection
	GlobalSection(ProjectConfigurationPlatforms) = postSolution
		{7AE9765D-34C9-4EF5-A2B2-3C26A1F411A3}.Debug|Any CPU.ActiveCfg = Debug|Any CPU
		{7AE9765D-34C9-4EF5-A2B2-3C26A1F411A3}.Debug|Any CPU.Build.0 = Debug|Any CPU
		{7AE9765D-34C9-4EF5-A2B2-3C26A1F411A3}.Release|Any CPU.ActiveCfg = Release|Any CPU
		{7AE9765D-34C9-4EF5-A2B2-3C26A1F411A3}.Release|Any CPU.Build.0 = Release|Any CPU
	EndGlobalSection
	GlobalSection(SolutionProperties) = preSolution
		HideSolutionNode = FALSE
	EndGlobalSection
	GlobalSection(ExtensibilityGlobals) = postSolution
		SolutionGuid = {1DD2F079-7DD7-4E3D-A0E4-2325E41220D7}
	EndGlobalSection
EndGlobal
