
Microsoft Visual Studio Solution File, Format Version 12.00
# Visual Studio Version 16
VisualStudioVersion = 16.0.31205.134
MinimumVisualStudioVersion = 10.0.40219.1
Project("{9A19103F-16F7-4668-BE54-9A1E7A4F7556}") = "RazorPagesExplorer.Core31", "RazorPagesExplorer\RazorPagesExplorer.Core31.csproj", "{2B05B47C-20C8-4309-8A49-3B899A9CE481}"
EndProject
Global
	GlobalSection(SolutionConfigurationPlatforms) = preSolution
		Debug|Any CPU = Debug|Any CPU
		Release|Any CPU = Release|Any CPU
	EndGlobalSection
	GlobalSection(ProjectConfigurationPlatforms) = postSolution
		{2B05B47C-20C8-4309-8A49-3B899A9CE481}.Debug|Any CPU.ActiveCfg = Debug|Any CPU
		{2B05B47C-20C8-4309-8A49-3B899A9CE481}.Debug|Any CPU.Build.0 = Debug|Any CPU
		{2B05B47C-20C8-4309-8A49-3B899A9CE481}.Release|Any CPU.ActiveCfg = Release|Any CPU
		{2B05B47C-20C8-4309-8A49-3B899A9CE481}.Release|Any CPU.Build.0 = Release|Any CPU
	EndGlobalSection
	GlobalSection(SolutionProperties) = preSolution
		HideSolutionNode = FALSE
	EndGlobalSection
	GlobalSection(ExtensibilityGlobals) = postSolution
		SolutionGuid = {72B696A3-850B-47FA-A629-155D22CB74A6}
	EndGlobalSection
EndGlobal
