
Microsoft Visual Studio Solution File, Format Version 12.00
# Visual Studio 15
VisualStudioVersion = 15.0.28307.1169
MinimumVisualStudioVersion = 10.0.40219.1
Project("{9A19103F-16F7-4668-BE54-9A1E7A4F7556}") = "Financial.Core20", "Financial\Financial.Core20.csproj", "{64F866F5-40DF-4AE5-A391-DFDD3DAE4190}"
EndProject
Global
	GlobalSection(SolutionConfigurationPlatforms) = preSolution
		Debug|Any CPU = Debug|Any CPU
		Release|Any CPU = Release|Any CPU
	EndGlobalSection
	GlobalSection(ProjectConfigurationPlatforms) = postSolution
		{64F866F5-40DF-4AE5-A391-DFDD3DAE4190}.Debug|Any CPU.ActiveCfg = Debug|Any CPU
		{64F866F5-40DF-4AE5-A391-DFDD3DAE4190}.Debug|Any CPU.Build.0 = Debug|Any CPU
		{64F866F5-40DF-4AE5-A391-DFDD3DAE4190}.Release|Any CPU.ActiveCfg = Release|Any CPU
		{64F866F5-40DF-4AE5-A391-DFDD3DAE4190}.Release|Any CPU.Build.0 = Release|Any CPU
	EndGlobalSection
	GlobalSection(SolutionProperties) = preSolution
		HideSolutionNode = FALSE
	EndGlobalSection
	GlobalSection(ExtensibilityGlobals) = postSolution
		SolutionGuid = {3F427E19-58CE-4B2A-AF89-8564DE33F4B7}
	EndGlobalSection
EndGlobal
