
Microsoft Visual Studio Solution File, Format Version 12.00
# Visual Studio 15
VisualStudioVersion = 15.0.28307.106
MinimumVisualStudioVersion = 10.0.40219.1
Project("{9A19103F-16F7-4668-BE54-9A1E7A4F7556}") = "MultipleControlsBinding", "MultipleControlsBinding\MultipleControlsBinding.Core20.csproj", "{4781FB20-F97C-4001-9837-BF7158F8B246}"
EndProject
Global
	GlobalSection(SolutionConfigurationPlatforms) = preSolution
		Debug|Any CPU = Debug|Any CPU
		Release|Any CPU = Release|Any CPU
	EndGlobalSection
	GlobalSection(ProjectConfigurationPlatforms) = postSolution
		{4781FB20-F97C-4001-9837-BF7158F8B246}.Debug|Any CPU.ActiveCfg = Debug|Any CPU
		{4781FB20-F97C-4001-9837-BF7158F8B246}.Debug|Any CPU.Build.0 = Debug|Any CPU
		{4781FB20-F97C-4001-9837-BF7158F8B246}.Release|Any CPU.ActiveCfg = Release|Any CPU
		{4781FB20-F97C-4001-9837-BF7158F8B246}.Release|Any CPU.Build.0 = Release|Any CPU
	EndGlobalSection
	GlobalSection(SolutionProperties) = preSolution
		HideSolutionNode = FALSE
	EndGlobalSection
	GlobalSection(ExtensibilityGlobals) = postSolution
		SolutionGuid = {55BDE842-0B94-4E77-BBA1-EF0A3A4C1527}
	EndGlobalSection
EndGlobal
